
Microsoft Visual Studio Solution File, Format Version 12.00
# Visual Studio Version 17
VisualStudioVersion = 17.6.33723.286
MinimumVisualStudioVersion = 10.0.40219.1
Project("{FAE04EC0-301F-11D3-BF4B-00C04F79EFBC}") = "Integracao.TOTVS.Winthor", "Integracao.TOTVS.Winthor\Integracao.TOTVS.Winthor.csproj", "{F047524E-D6A3-478D-ADB4-AF6E1B93F200}"
EndProject
Project("{2150E333-8FDC-42A3-9474-1A3956D46DE8}") = "src", "src", "{78E7A902-7BA8-4E39-8BFF-3323DC612BCF}"
EndProject
Project("{2150E333-8FDC-42A3-9474-1A3956D46DE8}") = "test", "test", "{434E225E-3DD1-4640-8DE7-B60A17C81741}"
EndProject
Project("{2150E333-8FDC-42A3-9474-1A3956D46DE8}") = "1 - Presentation", "1 - Presentation", "{5BFA287A-C6E9-44B3-BDB8-A2B42659F1CA}"
EndProject
Project("{2150E333-8FDC-42A3-9474-1A3956D46DE8}") = "2 - Domain", "2 - Domain", "{5DBADFFF-AE89-4070-9B9F-B28078F50B50}"
EndProject
Project("{2150E333-8FDC-42A3-9474-1A3956D46DE8}") = "3 - Infra", "3 - Infra", "{89741883-513E-4C5B-BD6D-680B543C49D0}"
EndProject
Project("{2150E333-8FDC-42A3-9474-1A3956D46DE8}") = "4 - Entities", "4 - Entities", "{0549CC0D-384F-4E57-8672-17D58DEE8A2B}"
EndProject
Project("{2150E333-8FDC-42A3-9474-1A3956D46DE8}") = "5 - Helpers", "5 - Helpers", "{DE477D41-89D8-4B15-9F0E-C0F3CEF09111}"
EndProject
Project("{FAE04EC0-301F-11D3-BF4B-00C04F79EFBC}") = "Integracao.TOTVS.Winthor.Infra", "Integracao.TOTVS.Winthor.Infra\Integracao.TOTVS.Winthor.Infra.csproj", "{8EE135DC-1B57-40A2-B7E5-1BEEA4C6531B}"
EndProject
Project("{FAE04EC0-301F-11D3-BF4B-00C04F79EFBC}") = "Integracao.TOTVS.Winthor.Domain", "Integracao.TOTVS.Winthor.Domain\Integracao.TOTVS.Winthor.Domain.csproj", "{E57C8C44-1D0B-49D3-A136-333E4AB5E2A7}"
EndProject
Project("{FAE04EC0-301F-11D3-BF4B-00C04F79EFBC}") = "Integracao.TOTVS.Winthor.Domain.Core", "Integracao.TOTVS.Winthor.Domain.Core\Integracao.TOTVS.Winthor.Domain.Core.csproj", "{7F5B676C-12BC-4A8D-9395-430D481D5966}"
EndProject
Project("{FAE04EC0-301F-11D3-BF4B-00C04F79EFBC}") = "Integracao.TOTVS.Winthor.Entitys", "Integracao.TOTVS.Winthor.Entitys\Integracao.TOTVS.Winthor.Entitys.csproj", "{0F38B0D4-442F-4827-A48D-C527CF5E9822}"
EndProject
Project("{FAE04EC0-301F-11D3-BF4B-00C04F79EFBC}") = "Integracao.TOTVS.Winthor.CrossCutting", "Integracao.TOTVS.Winthor.CrossCutting\Integracao.TOTVS.Winthor.CrossCutting.csproj", "{92ABCC0C-C062-472F-8969-3B8BC8B47D5D}"
EndProject
Global
	GlobalSection(SolutionConfigurationPlatforms) = preSolution
		Debug|Any CPU = Debug|Any CPU
		Release|Any CPU = Release|Any CPU
	EndGlobalSection
	GlobalSection(ProjectConfigurationPlatforms) = postSolution
		{F047524E-D6A3-478D-ADB4-AF6E1B93F200}.Debug|Any CPU.ActiveCfg = Debug|Any CPU
		{F047524E-D6A3-478D-ADB4-AF6E1B93F200}.Debug|Any CPU.Build.0 = Debug|Any CPU
		{F047524E-D6A3-478D-ADB4-AF6E1B93F200}.Release|Any CPU.ActiveCfg = Release|Any CPU
		{F047524E-D6A3-478D-ADB4-AF6E1B93F200}.Release|Any CPU.Build.0 = Release|Any CPU
		{8EE135DC-1B57-40A2-B7E5-1BEEA4C6531B}.Debug|Any CPU.ActiveCfg = Debug|Any CPU
		{8EE135DC-1B57-40A2-B7E5-1BEEA4C6531B}.Debug|Any CPU.Build.0 = Debug|Any CPU
		{8EE135DC-1B57-40A2-B7E5-1BEEA4C6531B}.Release|Any CPU.ActiveCfg = Release|Any CPU
		{8EE135DC-1B57-40A2-B7E5-1BEEA4C6531B}.Release|Any CPU.Build.0 = Release|Any CPU
		{E57C8C44-1D0B-49D3-A136-333E4AB5E2A7}.Debug|Any CPU.ActiveCfg = Debug|Any CPU
		{E57C8C44-1D0B-49D3-A136-333E4AB5E2A7}.Debug|Any CPU.Build.0 = Debug|Any CPU
		{E57C8C44-1D0B-49D3-A136-333E4AB5E2A7}.Release|Any CPU.ActiveCfg = Release|Any CPU
		{E57C8C44-1D0B-49D3-A136-333E4AB5E2A7}.Release|Any CPU.Build.0 = Release|Any CPU
		{7F5B676C-12BC-4A8D-9395-430D481D5966}.Debug|Any CPU.ActiveCfg = Debug|Any CPU
		{7F5B676C-12BC-4A8D-9395-430D481D5966}.Debug|Any CPU.Build.0 = Debug|Any CPU
		{7F5B676C-12BC-4A8D-9395-430D481D5966}.Release|Any CPU.ActiveCfg = Release|Any CPU
		{7F5B676C-12BC-4A8D-9395-430D481D5966}.Release|Any CPU.Build.0 = Release|Any CPU
		{0F38B0D4-442F-4827-A48D-C527CF5E9822}.Debug|Any CPU.ActiveCfg = Debug|Any CPU
		{0F38B0D4-442F-4827-A48D-C527CF5E9822}.Debug|Any CPU.Build.0 = Debug|Any CPU
		{0F38B0D4-442F-4827-A48D-C527CF5E9822}.Release|Any CPU.ActiveCfg = Release|Any CPU
		{0F38B0D4-442F-4827-A48D-C527CF5E9822}.Release|Any CPU.Build.0 = Release|Any CPU
		{92ABCC0C-C062-472F-8969-3B8BC8B47D5D}.Debug|Any CPU.ActiveCfg = Debug|Any CPU
		{92ABCC0C-C062-472F-8969-3B8BC8B47D5D}.Debug|Any CPU.Build.0 = Debug|Any CPU
		{92ABCC0C-C062-472F-8969-3B8BC8B47D5D}.Release|Any CPU.ActiveCfg = Release|Any CPU
		{92ABCC0C-C062-472F-8969-3B8BC8B47D5D}.Release|Any CPU.Build.0 = Release|Any CPU
	EndGlobalSection
	GlobalSection(SolutionProperties) = preSolution
		HideSolutionNode = FALSE
	EndGlobalSection
	GlobalSection(NestedProjects) = preSolution
		{F047524E-D6A3-478D-ADB4-AF6E1B93F200} = {5BFA287A-C6E9-44B3-BDB8-A2B42659F1CA}
		{5BFA287A-C6E9-44B3-BDB8-A2B42659F1CA} = {78E7A902-7BA8-4E39-8BFF-3323DC612BCF}
		{5DBADFFF-AE89-4070-9B9F-B28078F50B50} = {78E7A902-7BA8-4E39-8BFF-3323DC612BCF}
		{89741883-513E-4C5B-BD6D-680B543C49D0} = {78E7A902-7BA8-4E39-8BFF-3323DC612BCF}
		{0549CC0D-384F-4E57-8672-17D58DEE8A2B} = {78E7A902-7BA8-4E39-8BFF-3323DC612BCF}
		{DE477D41-89D8-4B15-9F0E-C0F3CEF09111} = {78E7A902-7BA8-4E39-8BFF-3323DC612BCF}
		{8EE135DC-1B57-40A2-B7E5-1BEEA4C6531B} = {89741883-513E-4C5B-BD6D-680B543C49D0}
		{E57C8C44-1D0B-49D3-A136-333E4AB5E2A7} = {5DBADFFF-AE89-4070-9B9F-B28078F50B50}
		{7F5B676C-12BC-4A8D-9395-430D481D5966} = {5DBADFFF-AE89-4070-9B9F-B28078F50B50}
		{0F38B0D4-442F-4827-A48D-C527CF5E9822} = {0549CC0D-384F-4E57-8672-17D58DEE8A2B}
		{92ABCC0C-C062-472F-8969-3B8BC8B47D5D} = {89741883-513E-4C5B-BD6D-680B543C49D0}
	EndGlobalSection
	GlobalSection(ExtensibilityGlobals) = postSolution
		SolutionGuid = {3F807284-825B-489A-A5E9-D22994E5D749}
	EndGlobalSection
EndGlobal
